
Microsoft Visual Studio Solution File, Format Version 12.00
# Visual Studio Version 16
VisualStudioVersion = 16.0.30804.86
MinimumVisualStudioVersion = 10.0.40219.1
Project("{9A19103F-16F7-4668-BE54-9A1E7A4F7556}") = "Ista.Api.Rest", "Ista.Api.Rest\Ista.Api.Rest.csproj", "{58FE9269-089B-4B8F-80B2-4D8EC248F565}"
EndProject
Project("{9A19103F-16F7-4668-BE54-9A1E7A4F7556}") = "Ista.Core", "Ista.Core\Ista.Core.csproj", "{FFD5346F-0BC8-4DC1-BE70-065D57FC1023}"
EndProject
Project("{9A19103F-16F7-4668-BE54-9A1E7A4F7556}") = "Ista.Commands", "Ista.Commands\Ista.Commands.csproj", "{A5837529-4566-4F5B-B7BA-BC73BA230815}"
EndProject
Project("{2150E333-8FDC-42A3-9474-1A3956D46DE8}") = "Domain", "Domain", "{F9CB8EC6-E83B-4875-9BC3-5F7A31A2D721}"
EndProject
Project("{2150E333-8FDC-42A3-9474-1A3956D46DE8}") = "Application", "Application", "{E6617853-8AB4-449E-9EA8-A0225C7F6949}"
EndProject
Project("{9A19103F-16F7-4668-BE54-9A1E7A4F7556}") = "Ista.Application.Core", "Ista.Application.Core\Ista.Application.Core.csproj", "{670DE59A-0E22-4376-B5C5-0F54C77D0C2D}"
EndProject
Project("{2150E333-8FDC-42A3-9474-1A3956D46DE8}") = "Infra", "Infra", "{D531027F-4000-48D3-BEAD-7BB4A579965D}"
EndProject
Project("{9A19103F-16F7-4668-BE54-9A1E7A4F7556}") = "Ista.Application", "Ista.Application\Ista.Application.csproj", "{7A07D9B9-898C-4A2B-BE97-E7EBA9457BB5}"
EndProject
Project("{9A19103F-16F7-4668-BE54-9A1E7A4F7556}") = "Ista.Test", "Ista.Test\Ista.Test.csproj", "{5AA426B5-F713-4544-A6F8-35D851E40B29}"
EndProject
Project("{9A19103F-16F7-4668-BE54-9A1E7A4F7556}") = "Aeon.Domain", "Aeon.Domain\Aeon.Domain.csproj", "{44153BBA-0106-41E7-AD19-38D7CC11F522}"
EndProject
Project("{FAE04EC0-301F-11D3-BF4B-00C04F79EFBC}") = "Ista.Setup", "Ista.Setup\Ista.Setup.csproj", "{D1FB31EA-BB9A-4793-813B-BFF5C1379349}"
EndProject
Global
	GlobalSection(SolutionConfigurationPlatforms) = preSolution
		Debug|Any CPU = Debug|Any CPU
		Release|Any CPU = Release|Any CPU
	EndGlobalSection
	GlobalSection(ProjectConfigurationPlatforms) = postSolution
		{58FE9269-089B-4B8F-80B2-4D8EC248F565}.Debug|Any CPU.ActiveCfg = Debug|Any CPU
		{58FE9269-089B-4B8F-80B2-4D8EC248F565}.Debug|Any CPU.Build.0 = Debug|Any CPU
		{58FE9269-089B-4B8F-80B2-4D8EC248F565}.Release|Any CPU.ActiveCfg = Release|Any CPU
		{58FE9269-089B-4B8F-80B2-4D8EC248F565}.Release|Any CPU.Build.0 = Release|Any CPU
		{FFD5346F-0BC8-4DC1-BE70-065D57FC1023}.Debug|Any CPU.ActiveCfg = Debug|Any CPU
		{FFD5346F-0BC8-4DC1-BE70-065D57FC1023}.Debug|Any CPU.Build.0 = Debug|Any CPU
		{FFD5346F-0BC8-4DC1-BE70-065D57FC1023}.Release|Any CPU.ActiveCfg = Release|Any CPU
		{FFD5346F-0BC8-4DC1-BE70-065D57FC1023}.Release|Any CPU.Build.0 = Release|Any CPU
		{A5837529-4566-4F5B-B7BA-BC73BA230815}.Debug|Any CPU.ActiveCfg = Debug|Any CPU
		{A5837529-4566-4F5B-B7BA-BC73BA230815}.Debug|Any CPU.Build.0 = Debug|Any CPU
		{A5837529-4566-4F5B-B7BA-BC73BA230815}.Release|Any CPU.ActiveCfg = Release|Any CPU
		{A5837529-4566-4F5B-B7BA-BC73BA230815}.Release|Any CPU.Build.0 = Release|Any CPU
		{670DE59A-0E22-4376-B5C5-0F54C77D0C2D}.Debug|Any CPU.ActiveCfg = Debug|Any CPU
		{670DE59A-0E22-4376-B5C5-0F54C77D0C2D}.Debug|Any CPU.Build.0 = Debug|Any CPU
		{670DE59A-0E22-4376-B5C5-0F54C77D0C2D}.Release|Any CPU.ActiveCfg = Release|Any CPU
		{670DE59A-0E22-4376-B5C5-0F54C77D0C2D}.Release|Any CPU.Build.0 = Release|Any CPU
		{7A07D9B9-898C-4A2B-BE97-E7EBA9457BB5}.Debug|Any CPU.ActiveCfg = Debug|Any CPU
		{7A07D9B9-898C-4A2B-BE97-E7EBA9457BB5}.Debug|Any CPU.Build.0 = Debug|Any CPU
		{7A07D9B9-898C-4A2B-BE97-E7EBA9457BB5}.Release|Any CPU.ActiveCfg = Release|Any CPU
		{7A07D9B9-898C-4A2B-BE97-E7EBA9457BB5}.Release|Any CPU.Build.0 = Release|Any CPU
		{5AA426B5-F713-4544-A6F8-35D851E40B29}.Debug|Any CPU.ActiveCfg = Debug|Any CPU
		{5AA426B5-F713-4544-A6F8-35D851E40B29}.Debug|Any CPU.Build.0 = Debug|Any CPU
		{5AA426B5-F713-4544-A6F8-35D851E40B29}.Release|Any CPU.ActiveCfg = Release|Any CPU
		{5AA426B5-F713-4544-A6F8-35D851E40B29}.Release|Any CPU.Build.0 = Release|Any CPU
		{44153BBA-0106-41E7-AD19-38D7CC11F522}.Debug|Any CPU.ActiveCfg = Debug|Any CPU
		{44153BBA-0106-41E7-AD19-38D7CC11F522}.Debug|Any CPU.Build.0 = Debug|Any CPU
		{44153BBA-0106-41E7-AD19-38D7CC11F522}.Release|Any CPU.ActiveCfg = Release|Any CPU
		{44153BBA-0106-41E7-AD19-38D7CC11F522}.Release|Any CPU.Build.0 = Release|Any CPU
		{D1FB31EA-BB9A-4793-813B-BFF5C1379349}.Debug|Any CPU.ActiveCfg = Debug|Any CPU
		{D1FB31EA-BB9A-4793-813B-BFF5C1379349}.Debug|Any CPU.Build.0 = Debug|Any CPU
		{D1FB31EA-BB9A-4793-813B-BFF5C1379349}.Release|Any CPU.ActiveCfg = Release|Any CPU
		{D1FB31EA-BB9A-4793-813B-BFF5C1379349}.Release|Any CPU.Build.0 = Release|Any CPU
	EndGlobalSection
	GlobalSection(SolutionProperties) = preSolution
		HideSolutionNode = FALSE
	EndGlobalSection
	GlobalSection(NestedProjects) = preSolution
		{FFD5346F-0BC8-4DC1-BE70-065D57FC1023} = {F9CB8EC6-E83B-4875-9BC3-5F7A31A2D721}
		{A5837529-4566-4F5B-B7BA-BC73BA230815} = {F9CB8EC6-E83B-4875-9BC3-5F7A31A2D721}
		{670DE59A-0E22-4376-B5C5-0F54C77D0C2D} = {E6617853-8AB4-449E-9EA8-A0225C7F6949}
		{7A07D9B9-898C-4A2B-BE97-E7EBA9457BB5} = {E6617853-8AB4-449E-9EA8-A0225C7F6949}
		{44153BBA-0106-41E7-AD19-38D7CC11F522} = {D531027F-4000-48D3-BEAD-7BB4A579965D}
	EndGlobalSection
	GlobalSection(ExtensibilityGlobals) = postSolution
		SolutionGuid = {F9B7770C-D6FB-4968-89DA-6A9E19C5B35D}
	EndGlobalSection
EndGlobal
